
Microsoft Visual Studio Solution File, Format Version 12.00
# Visual Studio Version 17
VisualStudioVersion = 17.4.33110.190
MinimumVisualStudioVersion = 10.0.40219.1
Project("{2150E333-8FDC-42A3-9474-1A3956D46DE8}") = "0-Apresentacao", "0-Apresentacao", "{A30F72DE-E99C-48D1-AB9A-E42DBBF0A59C}"
EndProject
Project("{FAE04EC0-301F-11D3-BF4B-00C04F79EFBC}") = "AR.Apresentacao", "AR.Apresentacao\AR.Apresentacao.csproj", "{03A080BE-2156-4129-8E26-73FD55DC03A2}"
EndProject
Global
	GlobalSection(SolutionConfigurationPlatforms) = preSolution
		Debug|Any CPU = Debug|Any CPU
		Release|Any CPU = Release|Any CPU
	EndGlobalSection
	GlobalSection(ProjectConfigurationPlatforms) = postSolution
		{03A080BE-2156-4129-8E26-73FD55DC03A2}.Debug|Any CPU.ActiveCfg = Debug|Any CPU
		{03A080BE-2156-4129-8E26-73FD55DC03A2}.Debug|Any CPU.Build.0 = Debug|Any CPU
		{03A080BE-2156-4129-8E26-73FD55DC03A2}.Release|Any CPU.ActiveCfg = Release|Any CPU
		{03A080BE-2156-4129-8E26-73FD55DC03A2}.Release|Any CPU.Build.0 = Release|Any CPU
	EndGlobalSection
	GlobalSection(SolutionProperties) = preSolution
		HideSolutionNode = FALSE
	EndGlobalSection
	GlobalSection(NestedProjects) = preSolution
		{03A080BE-2156-4129-8E26-73FD55DC03A2} = {A30F72DE-E99C-48D1-AB9A-E42DBBF0A59C}
	EndGlobalSection
	GlobalSection(ExtensibilityGlobals) = postSolution
		SolutionGuid = {8892E31A-1944-4180-9B0D-252B909AFCBC}
	EndGlobalSection
EndGlobal
